{
  "name": "dwarf-underground",
  "version": "0.1.0",
  "lockfileVersion": 1,
  "requires": true,
  "dependencies": {
    "after-all-results": {
      "version": "2.0.0",
      "resolved": "https://registry.npmjs.org/after-all-results/-/after-all-results-2.0.0.tgz",
      "integrity": "sha1-asL8ICtQD4jaj09VMM+hAPTGotA="
    },
    "color": {
      "version": "2.0.1",
      "resolved": "https://registry.npmjs.org/color/-/color-2.0.1.tgz",
      "integrity": "sha512-ubUCVVKfT7r2w2D3qtHakj8mbmKms+tThR8gI8zEYCbUBl8/voqFGt3kgBqGwXAopgXybnkuOq+qMYCRrp4cXw==",
      "requires": {
        "color-convert": "1.9.2",
        "color-string": "1.5.2"
      }
    },
    "color-convert": {
      "version": "1.9.2",
      "resolved": "https://registry.npmjs.org/color-convert/-/color-convert-1.9.2.tgz",
      "integrity": "sha512-3NUJZdhMhcdPn8vJ9v2UQJoH0qqoGUkYTgFEPZaPjEtwmmKUfNV46zZmgB2M5M4DCEQHMaCfWHCxiBflLm04Tg==",
      "requires": {
        "color-name": "1.1.1"
      }
    },
    "color-name": {
      "version": "1.1.1",
      "resolved": "https://registry.npmjs.org/color-name/-/color-name-1.1.1.tgz",
      "integrity": "sha1-SxQVMEz1ACjqgWQ2Q72C6gWANok="
    },
    "color-string": {
      "version": "1.5.2",
      "resolved": "https://registry.npmjs.org/color-string/-/color-string-1.5.2.tgz",
      "integrity": "sha1-JuRYFLw8mny9Z1FkikFDRRSnc6k=",
      "requires": {
        "color-name": "1.1.1",
        "simple-swizzle": "0.2.2"
      }
    },
    "hyper-statusline": {
      "version": "1.7.6",
      "resolved": "https://registry.npmjs.org/hyper-statusline/-/hyper-statusline-1.7.6.tgz",
      "integrity": "sha512-2zYDvIruLCMV4JDGOSa0EKmt9o9VLpkh7QCp6NvnU/ktDcLTbhNMbfMU97PGf6fG0MJ7+tNyTKG+rJpQAjvBTw==",
      "requires": {
        "after-all-results": "2.0.0",
        "color": "2.0.1",
        "tildify": "1.2.0"
      }
    },
    "is-arrayish": {
      "version": "0.3.2",
      "resolved": "https://registry.npmjs.org/is-arrayish/-/is-arrayish-0.3.2.tgz",
      "integrity": "sha512-eVRqCvVlZbuw3GrM63ovNSNAeA1K16kaR/LRY/92w0zxQ5/1YzwblUX652i4Xs9RwAGjW9d9y6X88t8OaAJfWQ=="
    },
    "os-homedir": {
      "version": "1.0.2",
      "resolved": "https://registry.npmjs.org/os-homedir/-/os-homedir-1.0.2.tgz",
      "integrity": "sha1-/7xJiDNuDoM94MFox+8VISGqf7M="
    },
    "simple-swizzle": {
      "version": "0.2.2",
      "resolved": "https://registry.npmjs.org/simple-swizzle/-/simple-swizzle-0.2.2.tgz",
      "integrity": "sha1-pNprY1/8zMoz9w0Xy5JZLeleVXo=",
      "requires": {
        "is-arrayish": "0.3.2"
      }
    },
    "tildify": {
      "version": "1.2.0",
      "resolved": "https://registry.npmjs.org/tildify/-/tildify-1.2.0.tgz",
      "integrity": "sha1-3OwD9V3Km3qj5bBPIYF+tW5jWIo=",
      "requires": {
        "os-homedir": "1.0.2"
      }
    }
  }
}
